// !$*UTF8*$!
{
	archiveVersion = 1;
	classes = {
	};
	objectVersion = 46;
	objects = {

/* Begin PBXBuildFile section */
		584FBE60EA221E0FA745F058 /* libPods-iBucket.a in Frameworks */ = {isa = PBXBuildFile; fileRef = 883E3AD68D274532F821E27E /* libPods-iBucket.a */; };
		814D32D91C816B8E00F49FD7 /* AppDelegate.swift in Sources */ = {isa = PBXBuildFile; fileRef = 814D32D81C816B8E00F49FD7 /* AppDelegate.swift */; };
		814D32DE1C816B8E00F49FD7 /* Main.storyboard in Resources */ = {isa = PBXBuildFile; fileRef = 814D32DC1C816B8E00F49FD7 /* Main.storyboard */; };
		814D32E01C816B8E00F49FD7 /* Assets.xcassets in Resources */ = {isa = PBXBuildFile; fileRef = 814D32DF1C816B8E00F49FD7 /* Assets.xcassets */; };
		814D32E31C816B8E00F49FD7 /* LaunchScreen.storyboard in Resources */ = {isa = PBXBuildFile; fileRef = 814D32E11C816B8E00F49FD7 /* LaunchScreen.storyboard */; };
		814D32EE1C81715E00F49FD7 /* HomeVC.swift in Sources */ = {isa = PBXBuildFile; fileRef = 814D32ED1C81715E00F49FD7 /* HomeVC.swift */; };
		814D32F71C81813F00F49FD7 /* Cell.swift in Sources */ = {isa = PBXBuildFile; fileRef = 814D32F51C81813F00F49FD7 /* Cell.swift */; };
		814D32F81C81813F00F49FD7 /* Cells.xib in Resources */ = {isa = PBXBuildFile; fileRef = 814D32F61C81813F00F49FD7 /* Cells.xib */; };
		814D32FA1C81887C00F49FD7 /* ProfileVC.swift in Sources */ = {isa = PBXBuildFile; fileRef = 814D32F91C81887C00F49FD7 /* ProfileVC.swift */; };
		814D32FC1C82007200F49FD7 /* SearchVC.swift in Sources */ = {isa = PBXBuildFile; fileRef = 814D32FB1C82007200F49FD7 /* SearchVC.swift */; };
		814D32FE1C82063B00F49FD7 /* DiscoverCell.xib in Resources */ = {isa = PBXBuildFile; fileRef = 814D32FD1C82063B00F49FD7 /* DiscoverCell.xib */; };
		814D33001C82065300F49FD7 /* DiscoverCell.swift in Sources */ = {isa = PBXBuildFile; fileRef = 814D32FF1C82065300F49FD7 /* DiscoverCell.swift */; };
		814D33191C82114D00F49FD7 /* RMParallax.swift in Sources */ = {isa = PBXBuildFile; fileRef = 814D33111C82114D00F49FD7 /* RMParallax.swift */; };
		814D331A1C82114D00F49FD7 /* RMParallaxItem.swift in Sources */ = {isa = PBXBuildFile; fileRef = 814D33121C82114D00F49FD7 /* RMParallaxItem.swift */; };
		816D03141C8212FF00E658B8 /* WelcomeVC.swift in Sources */ = {isa = PBXBuildFile; fileRef = 816D03131C8212FF00E658B8 /* WelcomeVC.swift */; };
		816D03161C8237D500E658B8 /* SignUpVC.swift in Sources */ = {isa = PBXBuildFile; fileRef = 816D03151C8237D500E658B8 /* SignUpVC.swift */; };
		816D03181C8247FE00E658B8 /* BucketListVC.swift in Sources */ = {isa = PBXBuildFile; fileRef = 816D03171C8247FE00E658B8 /* BucketListVC.swift */; };
		816D031A1C82481B00E658B8 /* CompletedVC.swift in Sources */ = {isa = PBXBuildFile; fileRef = 816D03191C82481B00E658B8 /* CompletedVC.swift */; };
		816D031C1C824F0200E658B8 /* DetailVC.swift in Sources */ = {isa = PBXBuildFile; fileRef = 816D031B1C824F0200E658B8 /* DetailVC.swift */; };
		816D031E1C825B1100E658B8 /* cities.json in Resources */ = {isa = PBXBuildFile; fileRef = 816D031D1C825B1100E658B8 /* cities.json */; };
		816D03201C825B2300E658B8 /* cities.json in Resources */ = {isa = PBXBuildFile; fileRef = 816D031F1C825B2300E658B8 /* cities.json */; };
		816D03221C825BF300E658B8 /* SwiftyJSON.swift in Sources */ = {isa = PBXBuildFile; fileRef = 816D03211C825BF300E658B8 /* SwiftyJSON.swift */; };
		816D03241C826A1900E658B8 /* DealCell.swift in Sources */ = {isa = PBXBuildFile; fileRef = 816D03231C826A1900E658B8 /* DealCell.swift */; };
		816D03261C826A2400E658B8 /* DealCell.xib in Resources */ = {isa = PBXBuildFile; fileRef = 816D03251C826A2400E658B8 /* DealCell.xib */; };
		816D03281C826E3E00E658B8 /* ProfileCells.xib in Resources */ = {isa = PBXBuildFile; fileRef = 816D03271C826E3E00E658B8 /* ProfileCells.xib */; };
		816D032A1C826E4A00E658B8 /* ProfileCells.swift in Sources */ = {isa = PBXBuildFile; fileRef = 816D03291C826E4A00E658B8 /* ProfileCells.swift */; };
/* End PBXBuildFile section */

/* Begin PBXFileReference section */
		35CB8EF81C823F510070A6C7 /* Bridging-Header.h */ = {isa = PBXFileReference; fileEncoding = 4; lastKnownFileType = sourcecode.c.h; path = "Bridging-Header.h"; sourceTree = "<group>"; };
		814D32D51C816B8E00F49FD7 /* iBucket.app */ = {isa = PBXFileReference; explicitFileType = wrapper.application; includeInIndex = 0; path = iBucket.app; sourceTree = BUILT_PRODUCTS_DIR; };
		814D32D81C816B8E00F49FD7 /* AppDelegate.swift */ = {isa = PBXFileReference; lastKnownFileType = sourcecode.swift; path = AppDelegate.swift; sourceTree = "<group>"; };
		814D32DD1C816B8E00F49FD7 /* Base */ = {isa = PBXFileReference; lastKnownFileType = file.storyboard; name = Base; path = Base.lproj/Main.storyboard; sourceTree = "<group>"; };
		814D32DF1C816B8E00F49FD7 /* Assets.xcassets */ = {isa = PBXFileReference; lastKnownFileType = folder.assetcatalog; path = Assets.xcassets; sourceTree = "<group>"; };
		814D32E21C816B8E00F49FD7 /* Base */ = {isa = PBXFileReference; lastKnownFileType = file.storyboard; name = Base; path = Base.lproj/LaunchScreen.storyboard; sourceTree = "<group>"; };
		814D32E41C816B8E00F49FD7 /* Info.plist */ = {isa = PBXFileReference; lastKnownFileType = text.plist.xml; path = Info.plist; sourceTree = "<group>"; };
		814D32ED1C81715E00F49FD7 /* HomeVC.swift */ = {isa = PBXFileReference; fileEncoding = 4; lastKnownFileType = sourcecode.swift; path = HomeVC.swift; sourceTree = "<group>"; };
		814D32F51C81813F00F49FD7 /* Cell.swift */ = {isa = PBXFileReference; fileEncoding = 4; lastKnownFileType = sourcecode.swift; path = Cell.swift; sourceTree = "<group>"; };
		814D32F61C81813F00F49FD7 /* Cells.xib */ = {isa = PBXFileReference; fileEncoding = 4; lastKnownFileType = file.xib; path = Cells.xib; sourceTree = "<group>"; };
		814D32F91C81887C00F49FD7 /* ProfileVC.swift */ = {isa = PBXFileReference; fileEncoding = 4; lastKnownFileType = sourcecode.swift; path = ProfileVC.swift; sourceTree = "<group>"; };
		814D32FB1C82007200F49FD7 /* SearchVC.swift */ = {isa = PBXFileReference; fileEncoding = 4; lastKnownFileType = sourcecode.swift; path = SearchVC.swift; sourceTree = "<group>"; };
		814D32FD1C82063B00F49FD7 /* DiscoverCell.xib */ = {isa = PBXFileReference; fileEncoding = 4; lastKnownFileType = file.xib; path = DiscoverCell.xib; sourceTree = "<group>"; };
		814D32FF1C82065300F49FD7 /* DiscoverCell.swift */ = {isa = PBXFileReference; fileEncoding = 4; lastKnownFileType = sourcecode.swift; path = DiscoverCell.swift; sourceTree = "<group>"; };
		814D33111C82114D00F49FD7 /* RMParallax.swift */ = {isa = PBXFileReference; fileEncoding = 4; lastKnownFileType = sourcecode.swift; path = RMParallax.swift; sourceTree = "<group>"; };
		814D33121C82114D00F49FD7 /* RMParallaxItem.swift */ = {isa = PBXFileReference; fileEncoding = 4; lastKnownFileType = sourcecode.swift; path = RMParallaxItem.swift; sourceTree = "<group>"; };
		816D03131C8212FF00E658B8 /* WelcomeVC.swift */ = {isa = PBXFileReference; fileEncoding = 4; lastKnownFileType = sourcecode.swift; path = WelcomeVC.swift; sourceTree = "<group>"; };
		816D03151C8237D500E658B8 /* SignUpVC.swift */ = {isa = PBXFileReference; fileEncoding = 4; lastKnownFileType = sourcecode.swift; path = SignUpVC.swift; sourceTree = "<group>"; };
		816D03171C8247FE00E658B8 /* BucketListVC.swift */ = {isa = PBXFileReference; fileEncoding = 4; lastKnownFileType = sourcecode.swift; path = BucketListVC.swift; sourceTree = "<group>"; };
		816D03191C82481B00E658B8 /* CompletedVC.swift */ = {isa = PBXFileReference; fileEncoding = 4; lastKnownFileType = sourcecode.swift; path = CompletedVC.swift; sourceTree = "<group>"; };
		816D031B1C824F0200E658B8 /* DetailVC.swift */ = {isa = PBXFileReference; fileEncoding = 4; lastKnownFileType = sourcecode.swift; path = DetailVC.swift; sourceTree = "<group>"; };
		816D031D1C825B1100E658B8 /* cities.json */ = {isa = PBXFileReference; fileEncoding = 4; lastKnownFileType = text.json; path = cities.json; sourceTree = "<group>"; };
		816D031F1C825B2300E658B8 /* cities.json */ = {isa = PBXFileReference; fileEncoding = 4; lastKnownFileType = text.json; path = cities.json; sourceTree = "<group>"; };
		816D03211C825BF300E658B8 /* SwiftyJSON.swift */ = {isa = PBXFileReference; fileEncoding = 4; lastKnownFileType = sourcecode.swift; path = SwiftyJSON.swift; sourceTree = "<group>"; };
		816D03231C826A1900E658B8 /* DealCell.swift */ = {isa = PBXFileReference; fileEncoding = 4; lastKnownFileType = sourcecode.swift; path = DealCell.swift; sourceTree = "<group>"; };
		816D03251C826A2400E658B8 /* DealCell.xib */ = {isa = PBXFileReference; fileEncoding = 4; lastKnownFileType = file.xib; path = DealCell.xib; sourceTree = "<group>"; };
		816D03271C826E3E00E658B8 /* ProfileCells.xib */ = {isa = PBXFileReference; fileEncoding = 4; lastKnownFileType = file.xib; path = ProfileCells.xib; sourceTree = "<group>"; };
		816D03291C826E4A00E658B8 /* ProfileCells.swift */ = {isa = PBXFileReference; fileEncoding = 4; lastKnownFileType = sourcecode.swift; path = ProfileCells.swift; sourceTree = "<group>"; };
		883E3AD68D274532F821E27E /* libPods-iBucket.a */ = {isa = PBXFileReference; explicitFileType = archive.ar; includeInIndex = 0; path = "libPods-iBucket.a"; sourceTree = BUILT_PRODUCTS_DIR; };
		B27F16561077934D05ABBC9B /* Pods-iBucket.release.xcconfig */ = {isa = PBXFileReference; includeInIndex = 1; lastKnownFileType = text.xcconfig; name = "Pods-iBucket.release.xcconfig"; path = "Pods/Target Support Files/Pods-iBucket/Pods-iBucket.release.xcconfig"; sourceTree = "<group>"; };
		FBAA0805547254F83FDC21BB /* Pods-iBucket.debug.xcconfig */ = {isa = PBXFileReference; includeInIndex = 1; lastKnownFileType = text.xcconfig; name = "Pods-iBucket.debug.xcconfig"; path = "Pods/Target Support Files/Pods-iBucket/Pods-iBucket.debug.xcconfig"; sourceTree = "<group>"; };
/* End PBXFileReference section */

/* Begin PBXFrameworksBuildPhase section */
		814D32D21C816B8E00F49FD7 /* Frameworks */ = {
			isa = PBXFrameworksBuildPhase;
			buildActionMask = 2147483647;
			files = (
				584FBE60EA221E0FA745F058 /* libPods-iBucket.a in Frameworks */,
			);
			runOnlyForDeploymentPostprocessing = 0;
		};
/* End PBXFrameworksBuildPhase section */

/* Begin PBXGroup section */
		364055FC7870B7C1CEDB7222 /* Frameworks */ = {
			isa = PBXGroup;
			children = (
				883E3AD68D274532F821E27E /* libPods-iBucket.a */,
			);
			name = Frameworks;
			sourceTree = "<group>";
		};
		814D32CC1C816B8E00F49FD7 = {
			isa = PBXGroup;
			children = (
				35CB8EF81C823F510070A6C7 /* Bridging-Header.h */,
				814D32D71C816B8E00F49FD7 /* iBucket */,
				814D32D61C816B8E00F49FD7 /* Products */,
				C579CE16A54122E1FEBD510F /* Pods */,
				364055FC7870B7C1CEDB7222 /* Frameworks */,
			);
			sourceTree = "<group>";
		};
		814D32D61C816B8E00F49FD7 /* Products */ = {
			isa = PBXGroup;
			children = (
				814D32D51C816B8E00F49FD7 /* iBucket.app */,
			);
			name = Products;
			sourceTree = "<group>";
		};
		814D32D71C816B8E00F49FD7 /* iBucket */ = {
			isa = PBXGroup;
			children = (
				816D031F1C825B2300E658B8 /* cities.json */,
				814D33101C82114D00F49FD7 /* RMParallax */,
				814D32D81C816B8E00F49FD7 /* AppDelegate.swift */,
				814D32DC1C816B8E00F49FD7 /* Main.storyboard */,
				816D03191C82481B00E658B8 /* CompletedVC.swift */,
				816D03171C8247FE00E658B8 /* BucketListVC.swift */,
				816D03131C8212FF00E658B8 /* WelcomeVC.swift */,
				816D03151C8237D500E658B8 /* SignUpVC.swift */,
				814D32FB1C82007200F49FD7 /* SearchVC.swift */,
				814D32F91C81887C00F49FD7 /* ProfileVC.swift */,
				814D32ED1C81715E00F49FD7 /* HomeVC.swift */,
				816D031B1C824F0200E658B8 /* DetailVC.swift */,
				816D03211C825BF300E658B8 /* SwiftyJSON.swift */,
				814D33011C82066300F49FD7 /* Cells */,
				814D32DF1C816B8E00F49FD7 /* Assets.xcassets */,
				814D32E11C816B8E00F49FD7 /* LaunchScreen.storyboard */,
				814D32E41C816B8E00F49FD7 /* Info.plist */,
			);
			name = iBucket;
			path = Example;
			sourceTree = "<group>";
		};
		814D33011C82066300F49FD7 /* Cells */ = {
			isa = PBXGroup;
			children = (
				816D03231C826A1900E658B8 /* DealCell.swift */,
				816D03251C826A2400E658B8 /* DealCell.xib */,
				814D32FF1C82065300F49FD7 /* DiscoverCell.swift */,
				814D32FD1C82063B00F49FD7 /* DiscoverCell.xib */,
				814D32F51C81813F00F49FD7 /* Cell.swift */,
				814D32F61C81813F00F49FD7 /* Cells.xib */,
				816D03271C826E3E00E658B8 /* ProfileCells.xib */,
				816D03291C826E4A00E658B8 /* ProfileCells.swift */,
			);
			name = Cells;
			sourceTree = "<group>";
		};
		814D33101C82114D00F49FD7 /* RMParallax */ = {
			isa = PBXGroup;
			children = (
				816D031D1C825B1100E658B8 /* cities.json */,
				814D33111C82114D00F49FD7 /* RMParallax.swift */,
				814D33121C82114D00F49FD7 /* RMParallaxItem.swift */,
			);
			name = RMParallax;
			path = RMParallax/RMParallax;
			sourceTree = "<group>";
		};
		C579CE16A54122E1FEBD510F /* Pods */ = {
			isa = PBXGroup;
			children = (
				FBAA0805547254F83FDC21BB /* Pods-iBucket.debug.xcconfig */,
				B27F16561077934D05ABBC9B /* Pods-iBucket.release.xcconfig */,
			);
			name = Pods;
			sourceTree = "<group>";
		};
/* End PBXGroup section */

/* Begin PBXNativeTarget section */
		814D32D41C816B8E00F49FD7 /* iBucket */ = {
			isa = PBXNativeTarget;
			buildConfigurationList = 814D32E71C816B8E00F49FD7 /* Build configuration list for PBXNativeTarget "iBucket" */;
			buildPhases = (
				EC80EB3288653360FB17BD64 /* Check Pods Manifest.lock */,
				814D32D11C816B8E00F49FD7 /* Sources */,
				814D32D21C816B8E00F49FD7 /* Frameworks */,
				814D32D31C816B8E00F49FD7 /* Resources */,
				74E750F595A8B5702F342AE0 /* Embed Pods Frameworks */,
				2F708E42EC202749EB84A9BC /* Copy Pods Resources */,
			);
			buildRules = (
			);
			dependencies = (
			);
			name = iBucket;
			productName = Example;
			productReference = 814D32D51C816B8E00F49FD7 /* iBucket.app */;
			productType = "com.apple.product-type.application";
		};
/* End PBXNativeTarget section */

/* Begin PBXProject section */
		814D32CD1C816B8E00F49FD7 /* Project object */ = {
			isa = PBXProject;
			attributes = {
				LastSwiftUpdateCheck = 0720;
				LastUpgradeCheck = 0720;
				ORGANIZATIONNAME = "Sara Du";
				TargetAttributes = {
					814D32D41C816B8E00F49FD7 = {
						CreatedOnToolsVersion = 7.2.1;
						SystemCapabilities = {
							com.apple.BackgroundModes = {
								enabled = 1;
							};
						};
					};
				};
			};
			buildConfigurationList = 814D32D01C816B8E00F49FD7 /* Build configuration list for PBXProject "iBucket" */;
			compatibilityVersion = "Xcode 3.2";
			developmentRegion = English;
			hasScannedForEncodings = 0;
			knownRegions = (
				en,
				Base,
			);
			mainGroup = 814D32CC1C816B8E00F49FD7;
			productRefGroup = 814D32D61C816B8E00F49FD7 /* Products */;
			projectDirPath = "";
			projectRoot = "";
			targets = (
				814D32D41C816B8E00F49FD7 /* iBucket */,
			);
		};
/* End PBXProject section */

/* Begin PBXResourcesBuildPhase section */
		814D32D31C816B8E00F49FD7 /* Resources */ = {
			isa = PBXResourcesBuildPhase;
			buildActionMask = 2147483647;
			files = (
				816D031E1C825B1100E658B8 /* cities.json in Resources */,
				814D32FE1C82063B00F49FD7 /* DiscoverCell.xib in Resources */,
				814D32E31C816B8E00F49FD7 /* LaunchScreen.storyboard in Resources */,
				816D03261C826A2400E658B8 /* DealCell.xib in Resources */,
				814D32E01C816B8E00F49FD7 /* Assets.xcassets in Resources */,
				816D03201C825B2300E658B8 /* cities.json in Resources */,
				814D32F81C81813F00F49FD7 /* Cells.xib in Resources */,
				814D32DE1C816B8E00F49FD7 /* Main.storyboard in Resources */,
				816D03281C826E3E00E658B8 /* ProfileCells.xib in Resources */,
			);
			runOnlyForDeploymentPostprocessing = 0;
		};
/* End PBXResourcesBuildPhase section */

/* Begin PBXShellScriptBuildPhase section */
		2F708E42EC202749EB84A9BC /* Copy Pods Resources */ = {
			isa = PBXShellScriptBuildPhase;
			buildActionMask = 2147483647;
			files = (
			);
			inputPaths = (
			);
			name = "Copy Pods Resources";
			outputPaths = (
			);
			runOnlyForDeploymentPostprocessing = 0;
			shellPath = /bin/sh;
			shellScript = "\"${SRCROOT}/Pods/Target Support Files/Pods-iBucket/Pods-iBucket-resources.sh\"\n";
			showEnvVarsInLog = 0;
		};
		74E750F595A8B5702F342AE0 /* Embed Pods Frameworks */ = {
			isa = PBXShellScriptBuildPhase;
			buildActionMask = 2147483647;
			files = (
			);
			inputPaths = (
			);
			name = "Embed Pods Frameworks";
			outputPaths = (
			);
			runOnlyForDeploymentPostprocessing = 0;
			shellPath = /bin/sh;
			shellScript = "\"${SRCROOT}/Pods/Target Support Files/Pods-iBucket/Pods-iBucket-frameworks.sh\"\n";
			showEnvVarsInLog = 0;
		};
		EC80EB3288653360FB17BD64 /* Check Pods Manifest.lock */ = {
			isa = PBXShellScriptBuildPhase;
			buildActionMask = 2147483647;
			files = (
			);
			inputPaths = (
			);
			name = "Check Pods Manifest.lock";
			outputPaths = (
			);
			runOnlyForDeploymentPostprocessing = 0;
			shellPath = /bin/sh;
			shellScript = "diff \"${PODS_ROOT}/../Podfile.lock\" \"${PODS_ROOT}/Manifest.lock\" > /dev/null\nif [[ $? != 0 ]] ; then\n    cat << EOM\nerror: The sandbox is not in sync with the Podfile.lock. Run 'pod install' or update your CocoaPods installation.\nEOM\n    exit 1\nfi\n";
			showEnvVarsInLog = 0;
		};
/* End PBXShellScriptBuildPhase section */

/* Begin PBXSourcesBuildPhase section */
		814D32D11C816B8E00F49FD7 /* Sources */ = {
			isa = PBXSourcesBuildPhase;
			buildActionMask = 2147483647;
			files = (
				814D33191C82114D00F49FD7 /* RMParallax.swift in Sources */,
				816D032A1C826E4A00E658B8 /* ProfileCells.swift in Sources */,
				816D03141C8212FF00E658B8 /* WelcomeVC.swift in Sources */,
				816D031C1C824F0200E658B8 /* DetailVC.swift in Sources */,
				816D03241C826A1900E658B8 /* DealCell.swift in Sources */,
				814D32FC1C82007200F49FD7 /* SearchVC.swift in Sources */,
				814D32FA1C81887C00F49FD7 /* ProfileVC.swift in Sources */,
				816D03221C825BF300E658B8 /* SwiftyJSON.swift in Sources */,
				814D32EE1C81715E00F49FD7 /* HomeVC.swift in Sources */,
				816D03181C8247FE00E658B8 /* BucketListVC.swift in Sources */,
				814D331A1C82114D00F49FD7 /* RMParallaxItem.swift in Sources */,
				814D33001C82065300F49FD7 /* DiscoverCell.swift in Sources */,
				814D32F71C81813F00F49FD7 /* Cell.swift in Sources */,
				816D03161C8237D500E658B8 /* SignUpVC.swift in Sources */,
				816D031A1C82481B00E658B8 /* CompletedVC.swift in Sources */,
				814D32D91C816B8E00F49FD7 /* AppDelegate.swift in Sources */,
			);
			runOnlyForDeploymentPostprocessing = 0;
		};
/* End PBXSourcesBuildPhase section */

/* Begin PBXVariantGroup section */
		814D32DC1C816B8E00F49FD7 /* Main.storyboard */ = {
			isa = PBXVariantGroup;
			children = (
				814D32DD1C816B8E00F49FD7 /* Base */,
			);
			name = Main.storyboard;
			sourceTree = "<group>";
		};
		814D32E11C816B8E00F49FD7 /* LaunchScreen.storyboard */ = {
			isa = PBXVariantGroup;
			children = (
				814D32E21C816B8E00F49FD7 /* Base */,
			);
			name = LaunchScreen.storyboard;
			sourceTree = "<group>";
		};
/* End PBXVariantGroup section */

/* Begin XCBuildConfiguration section */
		814D32E51C816B8E00F49FD7 /* Debug */ = {
			isa = XCBuildConfiguration;
			buildSettings = {
				ALWAYS_SEARCH_USER_PATHS = NO;
				CLANG_CXX_LANGUAGE_STANDARD = "gnu++0x";
				CLANG_CXX_LIBRARY = "libc++";
				CLANG_ENABLE_MODULES = YES;
				CLANG_ENABLE_OBJC_ARC = YES;
				CLANG_WARN_BOOL_CONVERSION = YES;
				CLANG_WARN_CONSTANT_CONVERSION = YES;
				CLANG_WARN_DIRECT_OBJC_ISA_USAGE = YES_ERROR;
				CLANG_WARN_EMPTY_BODY = YES;
				CLANG_WARN_ENUM_CONVERSION = YES;
				CLANG_WARN_INT_CONVERSION = YES;
				CLANG_WARN_OBJC_ROOT_CLASS = YES_ERROR;
				CLANG_WARN_UNREACHABLE_CODE = YES;
				CLANG_WARN__DUPLICATE_METHOD_MATCH = YES;
				"CODE_SIGN_IDENTITY[sdk=iphoneos*]" = "iPhone Developer";
				COPY_PHASE_STRIP = NO;
				DEBUG_INFORMATION_FORMAT = dwarf;
				ENABLE_STRICT_OBJC_MSGSEND = YES;
				ENABLE_TESTABILITY = YES;
				GCC_C_LANGUAGE_STANDARD = gnu99;
				GCC_DYNAMIC_NO_PIC = NO;
				GCC_NO_COMMON_BLOCKS = YES;
				GCC_OPTIMIZATION_LEVEL = 0;
				GCC_PREPROCESSOR_DEFINITIONS = (
					"DEBUG=1",
					"$(inherited)",
				);
				GCC_WARN_64_TO_32_BIT_CONVERSION = YES;
				GCC_WARN_ABOUT_RETURN_TYPE = YES_ERROR;
				GCC_WARN_UNDECLARED_SELECTOR = YES;
				GCC_WARN_UNINITIALIZED_AUTOS = YES_AGGRESSIVE;
				GCC_WARN_UNUSED_FUNCTION = YES;
				GCC_WARN_UNUSED_VARIABLE = YES;
				IPHONEOS_DEPLOYMENT_TARGET = 9.2;
				MTL_ENABLE_DEBUG_INFO = YES;
				ONLY_ACTIVE_ARCH = YES;
				SDKROOT = iphoneos;
				SWIFT_OPTIMIZATION_LEVEL = "-Onone";
			};
			name = Debug;
		};
		814D32E61C816B8E00F49FD7 /* Release */ = {
			isa = XCBuildConfiguration;
			buildSettings = {
				ALWAYS_SEARCH_USER_PATHS = NO;
				CLANG_CXX_LANGUAGE_STANDARD = "gnu++0x";
				CLANG_CXX_LIBRARY = "libc++";
				CLANG_ENABLE_MODULES = YES;
				CLANG_ENABLE_OBJC_ARC = YES;
				CLANG_WARN_BOOL_CONVERSION = YES;
				CLANG_WARN_CONSTANT_CONVERSION = YES;
				CLANG_WARN_DIRECT_OBJC_ISA_USAGE = YES_ERROR;
				CLANG_WARN_EMPTY_BODY = YES;
				CLANG_WARN_ENUM_CONVERSION = YES;
				CLANG_WARN_INT_CONVERSION = YES;
				CLANG_WARN_OBJC_ROOT_CLASS = YES_ERROR;
				CLANG_WARN_UNREACHABLE_CODE = YES;
				CLANG_WARN__DUPLICATE_METHOD_MATCH = YES;
				"CODE_SIGN_IDENTITY[sdk=iphoneos*]" = "iPhone Developer";
				COPY_PHASE_STRIP = NO;
				DEBUG_INFORMATION_FORMAT = "dwarf-with-dsym";
				ENABLE_NS_ASSERTIONS = NO;
				ENABLE_STRICT_OBJC_MSGSEND = YES;
				GCC_C_LANGUAGE_STANDARD = gnu99;
				GCC_NO_COMMON_BLOCKS = YES;
				GCC_WARN_64_TO_32_BIT_CONVERSION = YES;
				GCC_WARN_ABOUT_RETURN_TYPE = YES_ERROR;
				GCC_WARN_UNDECLARED_SELECTOR = YES;
				GCC_WARN_UNINITIALIZED_AUTOS = YES_AGGRESSIVE;
				GCC_WARN_UNUSED_FUNCTION = YES;
				GCC_WARN_UNUSED_VARIABLE = YES;
				IPHONEOS_DEPLOYMENT_TARGET = 9.2;
				MTL_ENABLE_DEBUG_INFO = NO;
				SDKROOT = iphoneos;
				VALIDATE_PRODUCT = YES;
			};
			name = Release;
		};
		814D32E81C816B8E00F49FD7 /* Debug */ = {
			isa = XCBuildConfiguration;
			baseConfigurationReference = FBAA0805547254F83FDC21BB /* Pods-iBucket.debug.xcconfig */;
			buildSettings = {
				ASSETCATALOG_COMPILER_APPICON_NAME = AppIcon;
				CODE_SIGN_IDENTITY = "iPhone Developer";
				ENABLE_BITCODE = NO;
				INFOPLIST_FILE = Example/Info.plist;
				LD_RUNPATH_SEARCH_PATHS = "$(inherited) @executable_path/Frameworks";
				PRODUCT_BUNDLE_IDENTIFIER = com.ibm.test1;
				PRODUCT_NAME = iBucket;
				SWIFT_OBJC_BRIDGING_HEADER = "Bridging-Header.h";
			};
			name = Debug;
		};
		814D32E91C816B8E00F49FD7 /* Release */ = {
			isa = XCBuildConfiguration;
			baseConfigurationReference = B27F16561077934D05ABBC9B /* Pods-iBucket.release.xcconfig */;
			buildSettings = {
				ASSETCATALOG_COMPILER_APPICON_NAME = AppIcon;
				CODE_SIGN_IDENTITY = "iPhone Developer";
				ENABLE_BITCODE = NO;
				INFOPLIST_FILE = Example/Info.plist;
				LD_RUNPATH_SEARCH_PATHS = "$(inherited) @executable_path/Frameworks";
				PRODUCT_BUNDLE_IDENTIFIER = com.ibm.test1;
				PRODUCT_NAME = iBucket;
				SWIFT_OBJC_BRIDGING_HEADER = "Bridging-Header.h";
			};
			name = Release;
		};
/* End XCBuildConfiguration section */

/* Begin XCConfigurationList section */
		814D32D01C816B8E00F49FD7 /* Build configuration list for PBXProject "iBucket" */ = {
			isa = XCConfigurationList;
			buildConfigurations = (
				814D32E51C816B8E00F49FD7 /* Debug */,
				814D32E61C816B8E00F49FD7 /* Release */,
			);
			defaultConfigurationIsVisible = 0;
			defaultConfigurationName = Release;
		};
		814D32E71C816B8E00F49FD7 /* Build configuration list for PBXNativeTarget "iBucket" */ = {
			isa = XCConfigurationList;
			buildConfigurations = (
				814D32E81C816B8E00F49FD7 /* Debug */,
				814D32E91C816B8E00F49FD7 /* Release */,
			);
			defaultConfigurationIsVisible = 0;
			defaultConfigurationName = Release;
		};
/* End XCConfigurationList section */
	};
	rootObject = 814D32CD1C816B8E00F49FD7 /* Project object */;
}
